{
  "name": "typescript",
  "version": "1.0.0",
  "lockfileVersion": 3,
  "requires": true,
  "packages": {
    "": {
      "name": "typescript",
      "version": "1.0.0",
      "license": "ISC",
      "dependencies": {
        "lodash.camelcase": "^4.3.0",
        "lodash.transform": "^4.6.0"
      },
      "devDependencies": {
        "@types/lodash.camelcase": "^4.3.9",
        "@types/lodash.transform": "^4.6.9"
      }
    },
    "node_modules/@types/lodash": {
      "version": "4.17.21",
      "resolved": "https://registry.npmjs.org/@types/lodash/-/lodash-4.17.21.tgz",
      "integrity": "sha512-FOvQ0YPD5NOfPgMzJihoT+Za5pdkDJWcbpuj1DjaKZIr/gxodQjY/uWEFlTNqW2ugXHUiL8lRQgw63dzKHZdeQ==",
      "dev": true,
      "license": "MIT"
    },
    "node_modules/@types/lodash.camelcase": {
      "version": "4.3.9",
      "resolved": "https://registry.npmjs.org/@types/lodash.camelcase/-/lodash.camelcase-4.3.9.tgz",
      "integrity": "sha512-ys9/hGBfsKxzmFI8hckII40V0ASQ83UM2pxfQRghHAwekhH4/jWtjz/3/9YDy7ZpUd/H0k2STSqmPR28dnj7Zg==",
      "dev": true,
      "license": "MIT",
      "dependencies": {
        "@types/lodash": "*"
      }
    },
    "node_modules/@types/lodash.transform": {
      "version": "4.6.9",
      "resolved": "https://registry.npmjs.org/@types/lodash.transform/-/lodash.transform-4.6.9.tgz",
      "integrity": "sha512-1iIn+l7Vrj8hsr2iZLtxRkcV9AtjTafIyxKO9DX2EEcdOgz3Op5dhwKQFhMJgdfIRbYHBUF+SU97Y6P+zyLXNg==",
      "dev": true,
      "license": "MIT",
      "dependencies": {
        "@types/lodash": "*"
      }
    },
    "node_modules/lodash.camelcase": {
      "version": "4.3.0",
      "resolved": "https://registry.npmjs.org/lodash.camelcase/-/lodash.camelcase-4.3.0.tgz",
      "integrity": "sha512-TwuEnCnxbc3rAvhf/LbG7tJUDzhqXyFnv3dtzLOPgCG/hODL7WFnsbwktkD7yUV0RrreP/l1PALq/YSg6VvjlA==",
      "license": "MIT"
    },
    "node_modules/lodash.transform": {
      "version": "4.6.0",
      "resolved": "https://registry.npmjs.org/lodash.transform/-/lodash.transform-4.6.0.tgz",
      "integrity": "sha512-LO37ZnhmBVx0GvOU/caQuipEh4GN82TcWv3yHlebGDgOxbxiwwzW5Pcx2AcvpIv2WmvmSMoC492yQFNhy/l/UQ==",
      "license": "MIT"
    }
  }
}
